<?xml version="1.0" encoding="utf-8"?>
<Project ToolsVersion="4.0" xmlns="http://schemas.microsoft.com/developer/msbuild/2003">
  <ItemGroup>
    <Filter Include="Source Files">
      <UniqueIdentifier>{4FC737F1-C7A5-4376-A066-2A32D752A2FF}</UniqueIdentifier>
      <Extensions>cpp;c;cc;cxx;def;odl;idl;hpj;bat;asm;asmx</Extensions>
    </Filter>
    <Filter Include="Header Files">
      <UniqueIdentifier>{93995380-89BD-4b04-88EB-625FBE52EBFB}</UniqueIdentifier>
      <Extensions>h;hpp;hxx;hm;inl;inc;xsd</Extensions>
    </Filter>
    <Filter Include="Test Files">
      <UniqueIdentifier>{6b58e162-6433-41da-b055-7101f6bb2b6d}</UniqueIdentifier>
    </Filter>
    <Filter Include="Test Files\Exports">
      <UniqueIdentifier>{eb563358-6445-4f61-bd6f-990c914f5ebf}</UniqueIdentifier>
    </Filter>
    <Filter Include="Test Files\Ranges">
      <UniqueIdentifier>{7977c11f-757b-4c22-a388-d9c33a8ff0e8}</UniqueIdentifier>
    </Filter>
    <Filter Include="Test Files\Aggregate">
      <UniqueIdentifier>{1b19ecdd-bb5e-41a2-9eee-86ef0975a2cd}</UniqueIdentifier>
    </Filter>
    <Filter Include="Test Files\Custom">
      <UniqueIdentifier>{2d45ce7d-0cf5-4bd4-a512-fd034a68f701}</UniqueIdentifier>
    </Filter>
  </ItemGroup>
  <ItemGroup>
    <ClCompile Include="..\gmock\src\gmock-all.cc">
      <Filter>Source Files</Filter>
    </ClCompile>
    <ClCompile Include="..\gmock\gtest\src\gtest-all.cc">
      <Filter>Source Files</Filter>
    </ClCompile>
    <ClCompile Include="main.cpp">
      <Filter>Source Files</Filter>
    </ClCompile>
    <ClCompile Include="LinqTest.cpp">
      <Filter>Test Files</Filter>
    </ClCompile>
    <ClCompile Include="ToDequeTest.cpp">
      <Filter>Test Files\Exports</Filter>
    </ClCompile>
    <ClCompile Include="ToListTest.cpp">
      <Filter>Test Files\Exports</Filter>
    </ClCompile>
    <ClCompile Include="ToSetTest.cpp">
      <Filter>Test Files\Exports</Filter>
    </ClCompile>
    <ClCompile Include="ToVectorTest.cpp">
      <Filter>Test Files\Exports</Filter>
    </ClCompile>
    <ClCompile Include="ContainsTest.cpp">
      <Filter>Test Files\Aggregate</Filter>
    </ClCompile>
    <ClCompile Include="CountTest.cpp">
      <Filter>Test Files\Aggregate</Filter>
    </ClCompile>
    <ClCompile Include="ElementAtTest.cpp">
      <Filter>Test Files\Aggregate</Filter>
    </ClCompile>
    <ClCompile Include="DistinctRangeTest.cpp">
      <Filter>Test Files\Ranges</Filter>
    </ClCompile>
    <ClCompile Include="WhereRangeTest.cpp">
      <Filter>Test Files\Ranges</Filter>
    </ClCompile>
    <ClCompile Include="GroupByRangeTest.cpp">
      <Filter>Test Files\Ranges</Filter>
    </ClCompile>
    <ClCompile Include="IterRangeTest.cpp">
      <Filter>Test Files\Ranges</Filter>
    </ClCompile>
    <ClCompile Include="OrderByRangeTest.cpp">
      <Filter>Test Files\Ranges</Filter>
    </ClCompile>
    <ClCompile Include="ReverseRangeTest.cpp">
      <Filter>Test Files\Ranges</Filter>
    </ClCompile>
    <ClCompile Include="SelectRangeTest.cpp">
      <Filter>Test Files\Ranges</Filter>
    </ClCompile>
    <ClCompile Include="SumTest.cpp">
      <Filter>Test Files\Aggregate</Filter>
    </ClCompile>
    <ClCompile Include="AllTest.cpp">
      <Filter>Test Files\Aggregate</Filter>
    </ClCompile>
    <ClCompile Include="AnyTest.cpp">
      <Filter>Test Files\Aggregate</Filter>
    </ClCompile>
    <ClCompile Include="AvgTest.cpp">
      <Filter>Test Files\Aggregate</Filter>
    </ClCompile>
    <ClCompile Include="MinTest.cpp">
      <Filter>Test Files\Aggregate</Filter>
    </ClCompile>
    <ClCompile Include="MaxTest.cpp">
      <Filter>Test Files\Aggregate</Filter>
    </ClCompile>
    <ClCompile Include="TakeRangeTest.cpp">
      <Filter>Test Files\Ranges</Filter>
    </ClCompile>
    <ClCompile Include="SkipRangeTest.cpp">
      <Filter>Test Files\Ranges</Filter>
    </ClCompile>
    <ClCompile Include="BytesRangeTest.cpp">
      <Filter>Test Files\Custom</Filter>
    </ClCompile>
    <ClCompile Include="BitsRangeTest.cpp">
      <Filter>Test Files\Custom</Filter>
    </ClCompile>
    <ClCompile Include="UnbytesRangeTest.cpp">
      <Filter>Test Files\Custom</Filter>
    </ClCompile>
    <ClCompile Include="UnbitsRangeTest.cpp">
      <Filter>Test Files\Custom</Filter>
    </ClCompile>
    <ClCompile Include="DotCallTest.cpp">
      <Filter>Test Files</Filter>
    </ClCompile>
    <ClCompile Include="ConcatRangeTest.cpp">
      <Filter>Test Files\Ranges</Filter>
    </ClCompile>
    <ClCompile Include="ForEachTest.cpp">
      <Filter>Test Files\Aggregate</Filter>
    </ClCompile>
    <ClCompile Include="SpeedTest.cpp">
      <Filter>Test Files</Filter>
    </ClCompile>
  </ItemGroup>
  <ItemGroup>
    <ClInclude Include="boolinq.h">
      <Filter>Header Files</Filter>
    </ClInclude>
    <ClInclude Include="CommonTests.h">
      <Filter>Test Files\Ranges</Filter>
    </ClInclude>
  </ItemGroup>
</Project>